
Microsoft Visual Studio Solution File, Format Version 12.00
# Visual Studio Version 16
VisualStudioVersion = 16.0.29418.71
MinimumVisualStudioVersion = 10.0.40219.1
Project("{9A19103F-16F7-4668-BE54-9A1E7A4F7556}") = "Game1", "Game1\Game1.csproj", "{CDFE555D-F65C-43E9-A37F-2188C74664FE}"
EndProject
Project("{FAE04EC0-301F-11D3-BF4B-00C04F79EFBC}") = "GameServer", "GameServer\GameServer.csproj", "{A0D00A1F-468F-49D6-AE44-D2FD26963B92}"
EndProject
Global
	GlobalSection(SolutionConfigurationPlatforms) = preSolution
		Debug|Any CPU = Debug|Any CPU
		Release|Any CPU = Release|Any CPU
	EndGlobalSection
	GlobalSection(ProjectConfigurationPlatforms) = postSolution
		{CDFE555D-F65C-43E9-A37F-2188C74664FE}.Debug|Any CPU.ActiveCfg = Debug|Any CPU
		{CDFE555D-F65C-43E9-A37F-2188C74664FE}.Debug|Any CPU.Build.0 = Debug|Any CPU
		{CDFE555D-F65C-43E9-A37F-2188C74664FE}.Release|Any CPU.ActiveCfg = Release|Any CPU
		{CDFE555D-F65C-43E9-A37F-2188C74664FE}.Release|Any CPU.Build.0 = Release|Any CPU
		{A0D00A1F-468F-49D6-AE44-D2FD26963B92}.Debug|Any CPU.ActiveCfg = Debug|Any CPU
		{A0D00A1F-468F-49D6-AE44-D2FD26963B92}.Debug|Any CPU.Build.0 = Debug|Any CPU
		{A0D00A1F-468F-49D6-AE44-D2FD26963B92}.Release|Any CPU.ActiveCfg = Release|Any CPU
		{A0D00A1F-468F-49D6-AE44-D2FD26963B92}.Release|Any CPU.Build.0 = Release|Any CPU
	EndGlobalSection
	GlobalSection(SolutionProperties) = preSolution
		HideSolutionNode = FALSE
	EndGlobalSection
	GlobalSection(ExtensibilityGlobals) = postSolution
		SolutionGuid = {C2510C25-BD5C-45E4-8B87-87D4A09A1AE0}
	EndGlobalSection
EndGlobal
